<?xml version="1.0" encoding="utf-8"?>
<Project ToolsVersion="4.0" xmlns="http://schemas.microsoft.com/developer/msbuild/2003">
  <ItemGroup>
    <Filter Include="Generated Source Files">
      <UniqueIdentifier>{4FC737F1-C7A5-4376-A066-2A32D752A2FF}</UniqueIdentifier>
      <Extensions>cpp;c;cc;cxx;def;odl;idl;hpj;bat;asm;asmx</Extensions>
    </Filter>
    <Filter Include="Tests">
      <UniqueIdentifier>{ff21886c-142c-4b4f-8605-53f5111a60a5}</UniqueIdentifier>
    </Filter>
    <Filter Include="Header">
      <UniqueIdentifier>{76a69ca1-5a05-45e8-bcac-845e5785a619}</UniqueIdentifier>
    </Filter>
    <Filter Include="Source">
      <UniqueIdentifier>{da26e287-176f-4a75-8afd-68ed52c0a4d9}</UniqueIdentifier>
    </Filter>
  </ItemGroup>
  <ItemGroup>
    <ClCompile Include="Main.cpp">
      <Filter>Generated Source Files</Filter>
    </ClCompile>
    <ClCompile Include="SListTest.cpp">
      <Filter>Generated Source Files</Filter>
    </ClCompile>
    <ClCompile Include="FooTest.cpp">
      <Filter>Generated Source Files</Filter>
    </ClCompile>
    <ClCompile Include="Foo.cpp">
      <Filter>Source</Filter>
    </ClCompile>
    <ClCompile Include="VectorTest.cpp">
      <Filter>Generated Source Files</Filter>
    </ClCompile>
    <ClCompile Include="StackTest.cpp">
      <Filter>Generated Source Files</Filter>
    </ClCompile>
    <ClCompile Include="HashMapTest.cpp">
      <Filter>Generated Source Files</Filter>
    </ClCompile>
    <ClCompile Include="DatumTest.cpp">
      <Filter>Generated Source Files</Filter>
    </ClCompile>
    <ClCompile Include="FooHashFunctor.cpp">
      <Filter>Source</Filter>
    </ClCompile>
    <ClCompile Include="ScopeTest.cpp">
      <Filter>Generated Source Files</Filter>
    </ClCompile>
    <ClCompile Include="AttributedFoo.cpp">
      <Filter>Source</Filter>
    </ClCompile>
    <ClCompile Include="AttributeTest.cpp">
      <Filter>Generated Source Files</Filter>
    </ClCompile>
    <ClCompile Include="IntegerParseHelper.cpp">
      <Filter>Source</Filter>
    </ClCompile>
    <ClCompile Include="IntegerSharedData.cpp">
      <Filter>Source</Filter>
    </ClCompile>
    <ClCompile Include="VectorParseHelper.cpp">
      <Filter>Source</Filter>
    </ClCompile>
    <ClCompile Include="VectorSharedData.cpp">
      <Filter>Source</Filter>
    </ClCompile>
    <ClCompile Include="ScopeParseTest.cpp">
      <Filter>Generated Source Files</Filter>
    </ClCompile>
    <ClCompile Include="XmlParserTest.cpp">
      <Filter>Generated Source Files</Filter>
    </ClCompile>
    <ClCompile Include="FactoryTest.cpp">
      <Filter>Generated Source Files</Filter>
    </ClCompile>
    <ClCompile Include="EntiryTest.cpp">
      <Filter>Generated Source Files</Filter>
    </ClCompile>
    <ClCompile Include="ConcreteAction.cpp">
      <Filter>Source</Filter>
    </ClCompile>
    <ClCompile Include="ActionTest.cpp">
      <Filter>Generated Source Files</Filter>
    </ClCompile>
    <ClCompile Include="EventTest.cpp">
      <Filter>Generated Source Files</Filter>
    </ClCompile>
    <ClCompile Include="FooEventSubscriber.cpp">
      <Filter>Source</Filter>
    </ClCompile>
    <ClCompile Include="MessageFoo.cpp">
      <Filter>Source</Filter>
    </ClCompile>
    <ClCompile Include="ReactionTest.cpp">
      <Filter>Generated Source Files</Filter>
    </ClCompile>
    <ClCompile Include="EventAsyncTest.cpp">
      <Filter>Generated Source Files</Filter>
    </ClCompile>
    <ClCompile Include="AsyncMessageFoo.cpp">
      <Filter>Source</Filter>
    </ClCompile>
  </ItemGroup>
  <ItemGroup>
    <CustomBuild Include="FooTest.h">
      <Filter>Tests</Filter>
    </CustomBuild>
    <CustomBuild Include="SListTest.h">
      <Filter>Tests</Filter>
    </CustomBuild>
    <CustomBuild Include="VectorTest.h">
      <Filter>Tests</Filter>
    </CustomBuild>
    <CustomBuild Include="StackTest.h">
      <Filter>Tests</Filter>
    </CustomBuild>
    <CustomBuild Include="HashMapTest.h">
      <Filter>Tests</Filter>
    </CustomBuild>
    <CustomBuild Include="DatumTest.h">
      <Filter>Tests</Filter>
    </CustomBuild>
    <CustomBuild Include="ScopeTest.h">
      <Filter>Tests</Filter>
    </CustomBuild>
    <CustomBuild Include="AttributeTest.h">
      <Filter>Tests</Filter>
    </CustomBuild>
    <CustomBuild Include="XmlParserTest.h">
      <Filter>Tests</Filter>
    </CustomBuild>
    <CustomBuild Include="ScopeParseTest.h">
      <Filter>Tests</Filter>
    </CustomBuild>
    <CustomBuild Include="FactoryTest.h">
      <Filter>Tests</Filter>
    </CustomBuild>
    <CustomBuild Include="EntiryTest.h">
      <Filter>Tests</Filter>
    </CustomBuild>
    <CustomBuild Include="ActionTest.h">
      <Filter>Tests</Filter>
    </CustomBuild>
    <CustomBuild Include="EventTest.h">
      <Filter>Tests</Filter>
    </CustomBuild>
    <CustomBuild Include="ReactionTest.h">
      <Filter>Tests</Filter>
    </CustomBuild>
    <CustomBuild Include="EventAsyncTest.h">
      <Filter>Tests</Filter>
    </CustomBuild>
  </ItemGroup>
  <ItemGroup>
    <ClInclude Include="Foo.h">
      <Filter>Header</Filter>
    </ClInclude>
    <ClInclude Include="FooHashFunctor.h">
      <Filter>Header</Filter>
    </ClInclude>
    <ClInclude Include="AttributedFoo.h">
      <Filter>Header</Filter>
    </ClInclude>
    <ClInclude Include="IntegerParseHelper.h">
      <Filter>Header</Filter>
    </ClInclude>
    <ClInclude Include="IntegerSharedData.h">
      <Filter>Header</Filter>
    </ClInclude>
    <ClInclude Include="VectorParseHelper.h">
      <Filter>Header</Filter>
    </ClInclude>
    <ClInclude Include="VectorSharedData.h">
      <Filter>Header</Filter>
    </ClInclude>
    <ClInclude Include="ConcreteAction.h">
      <Filter>Header</Filter>
    </ClInclude>
    <ClInclude Include="MessageFoo.h">
      <Filter>Header</Filter>
    </ClInclude>
    <ClInclude Include="FooEventSubscriber.h">
      <Filter>Header</Filter>
    </ClInclude>
    <ClInclude Include="AsyncMessageFoo.h">
      <Filter>Header</Filter>
    </ClInclude>
  </ItemGroup>
  <ItemGroup>
    <None Include="Main.h">
      <Filter>Tests</Filter>
    </None>
  </ItemGroup>
</Project>